
Microsoft Visual Studio Solution File, Format Version 12.00
# Visual Studio 14
VisualStudioVersion = 14.0.25420.1
MinimumVisualStudioVersion = 10.0.40219.1
Project("{FAE04EC0-301F-11D3-BF4B-00C04F79EFBC}") = "HelloTriangle", "HelloTriangle\HelloTriangle.csproj", "{950F7EA0-BC06-4BF8-A314-8AE012BF16F0}"
EndProject
Project("{FAE04EC0-301F-11D3-BF4B-00C04F79EFBC}") = "HelloTriangle_PInvoke", "HelloTriangle_PInvoke\HelloTriangle_PInvoke.csproj", "{733B7DD8-7E9E-4DF3-91DF-615880AE2577}"
EndProject
Project("{FAE04EC0-301F-11D3-BF4B-00C04F79EFBC}") = "CSharpGameLibrary", "..\CSharpGameLibrary\CSharpGameLibrary\CSharpGameLibrary.csproj", "{D7103402-1C84-4921-AF9C-38D9A6231E7A}"
EndProject
Project("{FAE04EC0-301F-11D3-BF4B-00C04F79EFBC}") = "VertexBuffer_PInvoke", "VertexBuffer_PInvoke\VertexBuffer_PInvoke.csproj", "{02EBBA6D-A9F7-4E6D-9DD9-518662BF5B3B}"
EndProject
Project("{FAE04EC0-301F-11D3-BF4B-00C04F79EFBC}") = "VertexBuffer", "VertexBuffer\VertexBuffer.csproj", "{2BCCDD78-1DAC-4E66-81AC-B5DC9C112825}"
EndProject
Project("{FAE04EC0-301F-11D3-BF4B-00C04F79EFBC}") = "IndexBuffer", "IndexBuffer\IndexBuffer.csproj", "{68DC1C18-395F-4B0B-BD17-727D18C4E7BB}"
EndProject
Project("{FAE04EC0-301F-11D3-BF4B-00C04F79EFBC}") = "UniformBuffer", "UniformBuffer\UniformBuffer.csproj", "{3823CA81-F3DF-47C7-B33B-150AADCF8DE9}"
EndProject
Global
	GlobalSection(SolutionConfigurationPlatforms) = preSolution
		Debug|Any CPU = Debug|Any CPU
		Release|Any CPU = Release|Any CPU
	EndGlobalSection
	GlobalSection(ProjectConfigurationPlatforms) = postSolution
		{950F7EA0-BC06-4BF8-A314-8AE012BF16F0}.Debug|Any CPU.ActiveCfg = Debug|Any CPU
		{950F7EA0-BC06-4BF8-A314-8AE012BF16F0}.Debug|Any CPU.Build.0 = Debug|Any CPU
		{950F7EA0-BC06-4BF8-A314-8AE012BF16F0}.Release|Any CPU.ActiveCfg = Release|Any CPU
		{950F7EA0-BC06-4BF8-A314-8AE012BF16F0}.Release|Any CPU.Build.0 = Release|Any CPU
		{733B7DD8-7E9E-4DF3-91DF-615880AE2577}.Debug|Any CPU.ActiveCfg = Debug|Any CPU
		{733B7DD8-7E9E-4DF3-91DF-615880AE2577}.Debug|Any CPU.Build.0 = Debug|Any CPU
		{733B7DD8-7E9E-4DF3-91DF-615880AE2577}.Release|Any CPU.ActiveCfg = Release|Any CPU
		{733B7DD8-7E9E-4DF3-91DF-615880AE2577}.Release|Any CPU.Build.0 = Release|Any CPU
		{D7103402-1C84-4921-AF9C-38D9A6231E7A}.Debug|Any CPU.ActiveCfg = Debug|Any CPU
		{D7103402-1C84-4921-AF9C-38D9A6231E7A}.Debug|Any CPU.Build.0 = Debug|Any CPU
		{D7103402-1C84-4921-AF9C-38D9A6231E7A}.Release|Any CPU.ActiveCfg = Release|Any CPU
		{D7103402-1C84-4921-AF9C-38D9A6231E7A}.Release|Any CPU.Build.0 = Release|Any CPU
		{02EBBA6D-A9F7-4E6D-9DD9-518662BF5B3B}.Debug|Any CPU.ActiveCfg = Debug|Any CPU
		{02EBBA6D-A9F7-4E6D-9DD9-518662BF5B3B}.Debug|Any CPU.Build.0 = Debug|Any CPU
		{02EBBA6D-A9F7-4E6D-9DD9-518662BF5B3B}.Release|Any CPU.ActiveCfg = Release|Any CPU
		{02EBBA6D-A9F7-4E6D-9DD9-518662BF5B3B}.Release|Any CPU.Build.0 = Release|Any CPU
		{2BCCDD78-1DAC-4E66-81AC-B5DC9C112825}.Debug|Any CPU.ActiveCfg = Debug|Any CPU
		{2BCCDD78-1DAC-4E66-81AC-B5DC9C112825}.Debug|Any CPU.Build.0 = Debug|Any CPU
		{2BCCDD78-1DAC-4E66-81AC-B5DC9C112825}.Release|Any CPU.ActiveCfg = Release|Any CPU
		{2BCCDD78-1DAC-4E66-81AC-B5DC9C112825}.Release|Any CPU.Build.0 = Release|Any CPU
		{68DC1C18-395F-4B0B-BD17-727D18C4E7BB}.Debug|Any CPU.ActiveCfg = Debug|Any CPU
		{68DC1C18-395F-4B0B-BD17-727D18C4E7BB}.Debug|Any CPU.Build.0 = Debug|Any CPU
		{68DC1C18-395F-4B0B-BD17-727D18C4E7BB}.Release|Any CPU.ActiveCfg = Release|Any CPU
		{68DC1C18-395F-4B0B-BD17-727D18C4E7BB}.Release|Any CPU.Build.0 = Release|Any CPU
		{3823CA81-F3DF-47C7-B33B-150AADCF8DE9}.Debug|Any CPU.ActiveCfg = Debug|Any CPU
		{3823CA81-F3DF-47C7-B33B-150AADCF8DE9}.Debug|Any CPU.Build.0 = Debug|Any CPU
		{3823CA81-F3DF-47C7-B33B-150AADCF8DE9}.Release|Any CPU.ActiveCfg = Release|Any CPU
		{3823CA81-F3DF-47C7-B33B-150AADCF8DE9}.Release|Any CPU.Build.0 = Release|Any CPU
	EndGlobalSection
	GlobalSection(SolutionProperties) = preSolution
		HideSolutionNode = FALSE
	EndGlobalSection
EndGlobal
