
Microsoft Visual Studio Solution File, Format Version 12.00
# Visual Studio 14
VisualStudioVersion = 14.0.25420.1
MinimumVisualStudioVersion = 10.0.40219.1
Project("{FAE04EC0-301F-11D3-BF4B-00C04F79EFBC}") = "HelloTriangle", "HelloTriangle\HelloTriangle.csproj", "{950F7EA0-BC06-4BF8-A314-8AE012BF16F0}"
EndProject
Project("{FAE04EC0-301F-11D3-BF4B-00C04F79EFBC}") = "HelloTriangle_PInvoke", "HelloTriangle_PInvoke\HelloTriangle_PInvoke.csproj", "{733B7DD8-7E9E-4DF3-91DF-615880AE2577}"
EndProject
Global
	GlobalSection(SolutionConfigurationPlatforms) = preSolution
		Debug|Any CPU = Debug|Any CPU
		Release|Any CPU = Release|Any CPU
	EndGlobalSection
	GlobalSection(ProjectConfigurationPlatforms) = postSolution
		{950F7EA0-BC06-4BF8-A314-8AE012BF16F0}.Debug|Any CPU.ActiveCfg = Debug|Any CPU
		{950F7EA0-BC06-4BF8-A314-8AE012BF16F0}.Debug|Any CPU.Build.0 = Debug|Any CPU
		{950F7EA0-BC06-4BF8-A314-8AE012BF16F0}.Release|Any CPU.ActiveCfg = Release|Any CPU
		{950F7EA0-BC06-4BF8-A314-8AE012BF16F0}.Release|Any CPU.Build.0 = Release|Any CPU
		{733B7DD8-7E9E-4DF3-91DF-615880AE2577}.Debug|Any CPU.ActiveCfg = Debug|Any CPU
		{733B7DD8-7E9E-4DF3-91DF-615880AE2577}.Debug|Any CPU.Build.0 = Debug|Any CPU
		{733B7DD8-7E9E-4DF3-91DF-615880AE2577}.Release|Any CPU.ActiveCfg = Release|Any CPU
		{733B7DD8-7E9E-4DF3-91DF-615880AE2577}.Release|Any CPU.Build.0 = Release|Any CPU
	EndGlobalSection
	GlobalSection(SolutionProperties) = preSolution
		HideSolutionNode = FALSE
	EndGlobalSection
EndGlobal
