
Microsoft Visual Studio Solution File, Format Version 12.00
# Visual Studio 14
VisualStudioVersion = 14.0.25420.1
MinimumVisualStudioVersion = 10.0.40219.1
Project("{2150E333-8FDC-42A3-9474-1A3956D46DE8}") = "Vulkan-Tutorial", "Vulkan-Tutorial", "{5BA3CB2D-AA36-4275-811A-10E45A74A3F2}"
EndProject
Project("{FAE04EC0-301F-11D3-BF4B-00C04F79EFBC}") = "DepthBuffer", "Vulkan-Tutorial\DepthBuffer\DepthBuffer.csproj", "{81C903D3-D9F2-48EC-B226-324E52724C3B}"
EndProject
Project("{FAE04EC0-301F-11D3-BF4B-00C04F79EFBC}") = "HelloTriangle", "Vulkan-Tutorial\HelloTriangle\HelloTriangle.csproj", "{950F7EA0-BC06-4BF8-A314-8AE012BF16F0}"
EndProject
Project("{FAE04EC0-301F-11D3-BF4B-00C04F79EFBC}") = "HelloTriangle_PInvoke", "Vulkan-Tutorial\HelloTriangle_PInvoke\HelloTriangle_PInvoke.csproj", "{733B7DD8-7E9E-4DF3-91DF-615880AE2577}"
EndProject
Project("{FAE04EC0-301F-11D3-BF4B-00C04F79EFBC}") = "IndexBuffer", "Vulkan-Tutorial\IndexBuffer\IndexBuffer.csproj", "{68DC1C18-395F-4B0B-BD17-727D18C4E7BB}"
EndProject
Project("{FAE04EC0-301F-11D3-BF4B-00C04F79EFBC}") = "Model", "Vulkan-Tutorial\Model\Model.csproj", "{62C7A135-EBE6-4836-88FF-C55B8D571BCB}"
EndProject
Project("{FAE04EC0-301F-11D3-BF4B-00C04F79EFBC}") = "TextureMapping", "Vulkan-Tutorial\TextureMapping\TextureMapping.csproj", "{D00C28E9-9240-48BA-9F11-C7CCACA62F1B}"
EndProject
Project("{FAE04EC0-301F-11D3-BF4B-00C04F79EFBC}") = "UniformBuffer", "Vulkan-Tutorial\UniformBuffer\UniformBuffer.csproj", "{3823CA81-F3DF-47C7-B33B-150AADCF8DE9}"
EndProject
Project("{FAE04EC0-301F-11D3-BF4B-00C04F79EFBC}") = "VertexBuffer", "Vulkan-Tutorial\VertexBuffer\VertexBuffer.csproj", "{2BCCDD78-1DAC-4E66-81AC-B5DC9C112825}"
EndProject
Project("{FAE04EC0-301F-11D3-BF4B-00C04F79EFBC}") = "VertexBuffer_PInvoke", "Vulkan-Tutorial\VertexBuffer_PInvoke\VertexBuffer_PInvoke.csproj", "{02EBBA6D-A9F7-4E6D-9DD9-518662BF5B3B}"
EndProject
Project("{FAE04EC0-301F-11D3-BF4B-00C04F79EFBC}") = "AllColors", "AllColors\AllColors.csproj", "{2A375618-4FCC-482D-87D6-65F8DA9C7E03}"
EndProject
Global
	GlobalSection(SolutionConfigurationPlatforms) = preSolution
		Debug|Any CPU = Debug|Any CPU
		Release|Any CPU = Release|Any CPU
	EndGlobalSection
	GlobalSection(ProjectConfigurationPlatforms) = postSolution
		{81C903D3-D9F2-48EC-B226-324E52724C3B}.Debug|Any CPU.ActiveCfg = Debug|Any CPU
		{81C903D3-D9F2-48EC-B226-324E52724C3B}.Debug|Any CPU.Build.0 = Debug|Any CPU
		{81C903D3-D9F2-48EC-B226-324E52724C3B}.Release|Any CPU.ActiveCfg = Release|Any CPU
		{81C903D3-D9F2-48EC-B226-324E52724C3B}.Release|Any CPU.Build.0 = Release|Any CPU
		{950F7EA0-BC06-4BF8-A314-8AE012BF16F0}.Debug|Any CPU.ActiveCfg = Debug|Any CPU
		{950F7EA0-BC06-4BF8-A314-8AE012BF16F0}.Debug|Any CPU.Build.0 = Debug|Any CPU
		{950F7EA0-BC06-4BF8-A314-8AE012BF16F0}.Release|Any CPU.ActiveCfg = Release|Any CPU
		{950F7EA0-BC06-4BF8-A314-8AE012BF16F0}.Release|Any CPU.Build.0 = Release|Any CPU
		{733B7DD8-7E9E-4DF3-91DF-615880AE2577}.Debug|Any CPU.ActiveCfg = Debug|Any CPU
		{733B7DD8-7E9E-4DF3-91DF-615880AE2577}.Debug|Any CPU.Build.0 = Debug|Any CPU
		{733B7DD8-7E9E-4DF3-91DF-615880AE2577}.Release|Any CPU.ActiveCfg = Release|Any CPU
		{733B7DD8-7E9E-4DF3-91DF-615880AE2577}.Release|Any CPU.Build.0 = Release|Any CPU
		{68DC1C18-395F-4B0B-BD17-727D18C4E7BB}.Debug|Any CPU.ActiveCfg = Debug|Any CPU
		{68DC1C18-395F-4B0B-BD17-727D18C4E7BB}.Debug|Any CPU.Build.0 = Debug|Any CPU
		{68DC1C18-395F-4B0B-BD17-727D18C4E7BB}.Release|Any CPU.ActiveCfg = Release|Any CPU
		{68DC1C18-395F-4B0B-BD17-727D18C4E7BB}.Release|Any CPU.Build.0 = Release|Any CPU
		{62C7A135-EBE6-4836-88FF-C55B8D571BCB}.Debug|Any CPU.ActiveCfg = Debug|Any CPU
		{62C7A135-EBE6-4836-88FF-C55B8D571BCB}.Debug|Any CPU.Build.0 = Debug|Any CPU
		{62C7A135-EBE6-4836-88FF-C55B8D571BCB}.Release|Any CPU.ActiveCfg = Release|Any CPU
		{62C7A135-EBE6-4836-88FF-C55B8D571BCB}.Release|Any CPU.Build.0 = Release|Any CPU
		{D00C28E9-9240-48BA-9F11-C7CCACA62F1B}.Debug|Any CPU.ActiveCfg = Debug|Any CPU
		{D00C28E9-9240-48BA-9F11-C7CCACA62F1B}.Debug|Any CPU.Build.0 = Debug|Any CPU
		{D00C28E9-9240-48BA-9F11-C7CCACA62F1B}.Release|Any CPU.ActiveCfg = Release|Any CPU
		{D00C28E9-9240-48BA-9F11-C7CCACA62F1B}.Release|Any CPU.Build.0 = Release|Any CPU
		{3823CA81-F3DF-47C7-B33B-150AADCF8DE9}.Debug|Any CPU.ActiveCfg = Debug|Any CPU
		{3823CA81-F3DF-47C7-B33B-150AADCF8DE9}.Debug|Any CPU.Build.0 = Debug|Any CPU
		{3823CA81-F3DF-47C7-B33B-150AADCF8DE9}.Release|Any CPU.ActiveCfg = Release|Any CPU
		{3823CA81-F3DF-47C7-B33B-150AADCF8DE9}.Release|Any CPU.Build.0 = Release|Any CPU
		{2BCCDD78-1DAC-4E66-81AC-B5DC9C112825}.Debug|Any CPU.ActiveCfg = Debug|Any CPU
		{2BCCDD78-1DAC-4E66-81AC-B5DC9C112825}.Debug|Any CPU.Build.0 = Debug|Any CPU
		{2BCCDD78-1DAC-4E66-81AC-B5DC9C112825}.Release|Any CPU.ActiveCfg = Release|Any CPU
		{2BCCDD78-1DAC-4E66-81AC-B5DC9C112825}.Release|Any CPU.Build.0 = Release|Any CPU
		{02EBBA6D-A9F7-4E6D-9DD9-518662BF5B3B}.Debug|Any CPU.ActiveCfg = Debug|Any CPU
		{02EBBA6D-A9F7-4E6D-9DD9-518662BF5B3B}.Debug|Any CPU.Build.0 = Debug|Any CPU
		{02EBBA6D-A9F7-4E6D-9DD9-518662BF5B3B}.Release|Any CPU.ActiveCfg = Release|Any CPU
		{02EBBA6D-A9F7-4E6D-9DD9-518662BF5B3B}.Release|Any CPU.Build.0 = Release|Any CPU
		{2A375618-4FCC-482D-87D6-65F8DA9C7E03}.Debug|Any CPU.ActiveCfg = Debug|Any CPU
		{2A375618-4FCC-482D-87D6-65F8DA9C7E03}.Debug|Any CPU.Build.0 = Debug|Any CPU
		{2A375618-4FCC-482D-87D6-65F8DA9C7E03}.Release|Any CPU.ActiveCfg = Release|Any CPU
		{2A375618-4FCC-482D-87D6-65F8DA9C7E03}.Release|Any CPU.Build.0 = Release|Any CPU
	EndGlobalSection
	GlobalSection(SolutionProperties) = preSolution
		HideSolutionNode = FALSE
	EndGlobalSection
	GlobalSection(NestedProjects) = preSolution
		{81C903D3-D9F2-48EC-B226-324E52724C3B} = {5BA3CB2D-AA36-4275-811A-10E45A74A3F2}
		{950F7EA0-BC06-4BF8-A314-8AE012BF16F0} = {5BA3CB2D-AA36-4275-811A-10E45A74A3F2}
		{733B7DD8-7E9E-4DF3-91DF-615880AE2577} = {5BA3CB2D-AA36-4275-811A-10E45A74A3F2}
		{68DC1C18-395F-4B0B-BD17-727D18C4E7BB} = {5BA3CB2D-AA36-4275-811A-10E45A74A3F2}
		{62C7A135-EBE6-4836-88FF-C55B8D571BCB} = {5BA3CB2D-AA36-4275-811A-10E45A74A3F2}
		{D00C28E9-9240-48BA-9F11-C7CCACA62F1B} = {5BA3CB2D-AA36-4275-811A-10E45A74A3F2}
		{3823CA81-F3DF-47C7-B33B-150AADCF8DE9} = {5BA3CB2D-AA36-4275-811A-10E45A74A3F2}
		{2BCCDD78-1DAC-4E66-81AC-B5DC9C112825} = {5BA3CB2D-AA36-4275-811A-10E45A74A3F2}
		{02EBBA6D-A9F7-4E6D-9DD9-518662BF5B3B} = {5BA3CB2D-AA36-4275-811A-10E45A74A3F2}
	EndGlobalSection
EndGlobal
